// !$*UTF8*$!
{
	archiveVersion = 1;
	classes = {
	};
	objectVersion = 46;
	objects = {

/* Begin PBXBuildFile section */
		3081F1C31B109CCB004BA309 /* AppDelegate.swift in Sources */ = {isa = PBXBuildFile; fileRef = 3081F1C21B109CCB004BA309 /* AppDelegate.swift */; };
		3081F1C51B109CCB004BA309 /* ViewController.swift in Sources */ = {isa = PBXBuildFile; fileRef = 3081F1C41B109CCB004BA309 /* ViewController.swift */; };
		3081F1C81B109CCB004BA309 /* Main.storyboard in Resources */ = {isa = PBXBuildFile; fileRef = 3081F1C61B109CCB004BA309 /* Main.storyboard */; };
		3081F1CA1B109CCB004BA309 /* Images.xcassets in Resources */ = {isa = PBXBuildFile; fileRef = 3081F1C91B109CCB004BA309 /* Images.xcassets */; };
		3081F1CD1B109CCB004BA309 /* LaunchScreen.xib in Resources */ = {isa = PBXBuildFile; fileRef = 3081F1CB1B109CCB004BA309 /* LaunchScreen.xib */; };
		3081F1D91B109CCB004BA309 /* IPEC_ToolboxTests.swift in Sources */ = {isa = PBXBuildFile; fileRef = 3081F1D81B109CCB004BA309 /* IPEC_ToolboxTests.swift */; };
/* End PBXBuildFile section */

/* Begin PBXContainerItemProxy section */
		3081F1D31B109CCB004BA309 /* PBXContainerItemProxy */ = {
			isa = PBXContainerItemProxy;
			containerPortal = 3081F1B51B109CCB004BA309 /* Project object */;
			proxyType = 1;
			remoteGlobalIDString = 3081F1BC1B109CCB004BA309;
			remoteInfo = "IPEC Toolbox";
		};
/* End PBXContainerItemProxy section */

/* Begin PBXFileReference section */
		3081F1BD1B109CCB004BA309 /* IPEC Toolbox.app */ = {isa = PBXFileReference; explicitFileType = wrapper.application; includeInIndex = 0; path = "IPEC Toolbox.app"; sourceTree = BUILT_PRODUCTS_DIR; };
		3081F1C11B109CCB004BA309 /* Info.plist */ = {isa = PBXFileReference; lastKnownFileType = text.plist.xml; path = Info.plist; sourceTree = "<group>"; };
		3081F1C21B109CCB004BA309 /* AppDelegate.swift */ = {isa = PBXFileReference; lastKnownFileType = sourcecode.swift; path = AppDelegate.swift; sourceTree = "<group>"; };
		3081F1C41B109CCB004BA309 /* ViewController.swift */ = {isa = PBXFileReference; lastKnownFileType = sourcecode.swift; path = ViewController.swift; sourceTree = "<group>"; };
		3081F1C71B109CCB004BA309 /* Base */ = {isa = PBXFileReference; lastKnownFileType = file.storyboard; name = Base; path = Base.lproj/Main.storyboard; sourceTree = "<group>"; };
		3081F1C91B109CCB004BA309 /* Images.xcassets */ = {isa = PBXFileReference; lastKnownFileType = folder.assetcatalog; path = Images.xcassets; sourceTree = "<group>"; };
		3081F1CC1B109CCB004BA309 /* Base */ = {isa = PBXFileReference; lastKnownFileType = file.xib; name = Base; path = Base.lproj/LaunchScreen.xib; sourceTree = "<group>"; };
		3081F1D21B109CCB004BA309 /* IPEC ToolboxTests.xctest */ = {isa = PBXFileReference; explicitFileType = wrapper.cfbundle; includeInIndex = 0; path = "IPEC ToolboxTests.xctest"; sourceTree = BUILT_PRODUCTS_DIR; };
		3081F1D71B109CCB004BA309 /* Info.plist */ = {isa = PBXFileReference; lastKnownFileType = text.plist.xml; path = Info.plist; sourceTree = "<group>"; };
		3081F1D81B109CCB004BA309 /* IPEC_ToolboxTests.swift */ = {isa = PBXFileReference; lastKnownFileType = sourcecode.swift; path = IPEC_ToolboxTests.swift; sourceTree = "<group>"; };
/* End PBXFileReference section */

/* Begin PBXFrameworksBuildPhase section */
		3081F1BA1B109CCB004BA309 /* Frameworks */ = {
			isa = PBXFrameworksBuildPhase;
			buildActionMask = 2147483647;
			files = (
			);
			runOnlyForDeploymentPostprocessing = 0;
		};
		3081F1CF1B109CCB004BA309 /* Frameworks */ = {
			isa = PBXFrameworksBuildPhase;
			buildActionMask = 2147483647;
			files = (
			);
			runOnlyForDeploymentPostprocessing = 0;
		};
/* End PBXFrameworksBuildPhase section */

/* Begin PBXGroup section */
		3081F1B41B109CCB004BA309 = {
			isa = PBXGroup;
			children = (
				3081F1BF1B109CCB004BA309 /* IPEC Toolbox */,
				3081F1D51B109CCB004BA309 /* IPEC ToolboxTests */,
				3081F1BE1B109CCB004BA309 /* Products */,
			);
			sourceTree = "<group>";
		};
		3081F1BE1B109CCB004BA309 /* Products */ = {
			isa = PBXGroup;
			children = (
				3081F1BD1B109CCB004BA309 /* IPEC Toolbox.app */,
				3081F1D21B109CCB004BA309 /* IPEC ToolboxTests.xctest */,
			);
			name = Products;
			sourceTree = "<group>";
		};
		3081F1BF1B109CCB004BA309 /* IPEC Toolbox */ = {
			isa = PBXGroup;
			children = (
				3081F1C21B109CCB004BA309 /* AppDelegate.swift */,
				3081F1C41B109CCB004BA309 /* ViewController.swift */,
				3081F1C61B109CCB004BA309 /* Main.storyboard */,
				3081F1C91B109CCB004BA309 /* Images.xcassets */,
				3081F1CB1B109CCB004BA309 /* LaunchScreen.xib */,
				3081F1C01B109CCB004BA309 /* Supporting Files */,
			);
			path = "IPEC Toolbox";
			sourceTree = "<group>";
		};
		3081F1C01B109CCB004BA309 /* Supporting Files */ = {
			isa = PBXGroup;
			children = (
				3081F1C11B109CCB004BA309 /* Info.plist */,
			);
			name = "Supporting Files";
			sourceTree = "<group>";
		};
		3081F1D51B109CCB004BA309 /* IPEC ToolboxTests */ = {
			isa = PBXGroup;
			children = (
				3081F1D81B109CCB004BA309 /* IPEC_ToolboxTests.swift */,
				3081F1D61B109CCB004BA309 /* Supporting Files */,
			);
			path = "IPEC ToolboxTests";
			sourceTree = "<group>";
		};
		3081F1D61B109CCB004BA309 /* Supporting Files */ = {
			isa = PBXGroup;
			children = (
				3081F1D71B109CCB004BA309 /* Info.plist */,
			);
			name = "Supporting Files";
			sourceTree = "<group>";
		};
/* End PBXGroup section */

/* Begin PBXNativeTarget section */
		3081F1BC1B109CCB004BA309 /* IPEC Toolbox */ = {
			isa = PBXNativeTarget;
			buildConfigurationList = 3081F1DC1B109CCB004BA309 /* Build configuration list for PBXNativeTarget "IPEC Toolbox" */;
			buildPhases = (
				3081F1B91B109CCB004BA309 /* Sources */,
				3081F1BA1B109CCB004BA309 /* Frameworks */,
				3081F1BB1B109CCB004BA309 /* Resources */,
			);
			buildRules = (
			);
			dependencies = (
			);
			name = "IPEC Toolbox";
			productName = "IPEC Toolbox";
			productReference = 3081F1BD1B109CCB004BA309 /* IPEC Toolbox.app */;
			productType = "com.apple.product-type.application";
		};
		3081F1D11B109CCB004BA309 /* IPEC ToolboxTests */ = {
			isa = PBXNativeTarget;
			buildConfigurationList = 3081F1DF1B109CCB004BA309 /* Build configuration list for PBXNativeTarget "IPEC ToolboxTests" */;
			buildPhases = (
				3081F1CE1B109CCB004BA309 /* Sources */,
				3081F1CF1B109CCB004BA309 /* Frameworks */,
				3081F1D01B109CCB004BA309 /* Resources */,
			);
			buildRules = (
			);
			dependencies = (
				3081F1D41B109CCB004BA309 /* PBXTargetDependency */,
			);
			name = "IPEC ToolboxTests";
			productName = "IPEC ToolboxTests";
			productReference = 3081F1D21B109CCB004BA309 /* IPEC ToolboxTests.xctest */;
			productType = "com.apple.product-type.bundle.unit-test";
		};
/* End PBXNativeTarget section */

/* Begin PBXProject section */
		3081F1B51B109CCB004BA309 /* Project object */ = {
			isa = PBXProject;
			attributes = {
				LastUpgradeCheck = 0630;
				ORGANIZATIONNAME = "Red Cube";
				TargetAttributes = {
					3081F1BC1B109CCB004BA309 = {
						CreatedOnToolsVersion = 6.3.2;
					};
					3081F1D11B109CCB004BA309 = {
						CreatedOnToolsVersion = 6.3.2;
						TestTargetID = 3081F1BC1B109CCB004BA309;
					};
				};
			};
			buildConfigurationList = 3081F1B81B109CCB004BA309 /* Build configuration list for PBXProject "IPEC Toolbox" */;
			compatibilityVersion = "Xcode 3.2";
			developmentRegion = English;
			hasScannedForEncodings = 0;
			knownRegions = (
				en,
				Base,
			);
			mainGroup = 3081F1B41B109CCB004BA309;
			productRefGroup = 3081F1BE1B109CCB004BA309 /* Products */;
			projectDirPath = "";
			projectRoot = "";
			targets = (
				3081F1BC1B109CCB004BA309 /* IPEC Toolbox */,
				3081F1D11B109CCB004BA309 /* IPEC ToolboxTests */,
			);
		};
/* End PBXProject section */

/* Begin PBXResourcesBuildPhase section */
		3081F1BB1B109CCB004BA309 /* Resources */ = {
			isa = PBXResourcesBuildPhase;
			buildActionMask = 2147483647;
			files = (
				3081F1C81B109CCB004BA309 /* Main.storyboard in Resources */,
				3081F1CD1B109CCB004BA309 /* LaunchScreen.xib in Resources */,
				3081F1CA1B109CCB004BA309 /* Images.xcassets in Resources */,
			);
			runOnlyForDeploymentPostprocessing = 0;
		};
		3081F1D01B109CCB004BA309 /* Resources */ = {
			isa = PBXResourcesBuildPhase;
			buildActionMask = 2147483647;
			files = (
			);
			runOnlyForDeploymentPostprocessing = 0;
		};
/* End PBXResourcesBuildPhase section */

/* Begin PBXSourcesBuildPhase section */
		3081F1B91B109CCB004BA309 /* Sources */ = {
			isa = PBXSourcesBuildPhase;
			buildActionMask = 2147483647;
			files = (
				3081F1C51B109CCB004BA309 /* ViewController.swift in Sources */,
				3081F1C31B109CCB004BA309 /* AppDelegate.swift in Sources */,
			);
			runOnlyForDeploymentPostprocessing = 0;
		};
		3081F1CE1B109CCB004BA309 /* Sources */ = {
			isa = PBXSourcesBuildPhase;
			buildActionMask = 2147483647;
			files = (
				3081F1D91B109CCB004BA309 /* IPEC_ToolboxTests.swift in Sources */,
			);
			runOnlyForDeploymentPostprocessing = 0;
		};
/* End PBXSourcesBuildPhase section */

/* Begin PBXTargetDependency section */
		3081F1D41B109CCB004BA309 /* PBXTargetDependency */ = {
			isa = PBXTargetDependency;
			target = 3081F1BC1B109CCB004BA309 /* IPEC Toolbox */;
			targetProxy = 3081F1D31B109CCB004BA309 /* PBXContainerItemProxy */;
		};
/* End PBXTargetDependency section */

/* Begin PBXVariantGroup section */
		3081F1C61B109CCB004BA309 /* Main.storyboard */ = {
			isa = PBXVariantGroup;
			children = (
				3081F1C71B109CCB004BA309 /* Base */,
			);
			name = Main.storyboard;
			sourceTree = "<group>";
		};
		3081F1CB1B109CCB004BA309 /* LaunchScreen.xib */ = {
			isa = PBXVariantGroup;
			children = (
				3081F1CC1B109CCB004BA309 /* Base */,
			);
			name = LaunchScreen.xib;
			sourceTree = "<group>";
		};
/* End PBXVariantGroup section */

/* Begin XCBuildConfiguration section */
		3081F1DA1B109CCB004BA309 /* Debug */ = {
			isa = XCBuildConfiguration;
			buildSettings = {
				ALWAYS_SEARCH_USER_PATHS = NO;
				CLANG_CXX_LANGUAGE_STANDARD = "gnu++0x";
				CLANG_CXX_LIBRARY = "libc++";
				CLANG_ENABLE_MODULES = YES;
				CLANG_ENABLE_OBJC_ARC = YES;
				CLANG_WARN_BOOL_CONVERSION = YES;
				CLANG_WARN_CONSTANT_CONVERSION = YES;
				CLANG_WARN_DIRECT_OBJC_ISA_USAGE = YES_ERROR;
				CLANG_WARN_EMPTY_BODY = YES;
				CLANG_WARN_ENUM_CONVERSION = YES;
				CLANG_WARN_INT_CONVERSION = YES;
				CLANG_WARN_OBJC_ROOT_CLASS = YES_ERROR;
				CLANG_WARN_UNREACHABLE_CODE = YES;
				CLANG_WARN__DUPLICATE_METHOD_MATCH = YES;
				"CODE_SIGN_IDENTITY[sdk=iphoneos*]" = "iPhone Developer";
				COPY_PHASE_STRIP = NO;
				DEBUG_INFORMATION_FORMAT = "dwarf-with-dsym";
				ENABLE_STRICT_OBJC_MSGSEND = YES;
				GCC_C_LANGUAGE_STANDARD = gnu99;
				GCC_DYNAMIC_NO_PIC = NO;
				GCC_NO_COMMON_BLOCKS = YES;
				GCC_OPTIMIZATION_LEVEL = 0;
				GCC_PREPROCESSOR_DEFINITIONS = (
					"DEBUG=1",
					"$(inherited)",
				);
				GCC_SYMBOLS_PRIVATE_EXTERN = NO;
				GCC_WARN_64_TO_32_BIT_CONVERSION = YES;
				GCC_WARN_ABOUT_RETURN_TYPE = YES_ERROR;
				GCC_WARN_UNDECLARED_SELECTOR = YES;
				GCC_WARN_UNINITIALIZED_AUTOS = YES_AGGRESSIVE;
				GCC_WARN_UNUSED_FUNCTION = YES;
				GCC_WARN_UNUSED_VARIABLE = YES;
				IPHONEOS_DEPLOYMENT_TARGET = 8.3;
				MTL_ENABLE_DEBUG_INFO = YES;
				ONLY_ACTIVE_ARCH = YES;
				SDKROOT = iphoneos;
				SWIFT_OPTIMIZATION_LEVEL = "-Onone";
				TARGETED_DEVICE_FAMILY = "1,2";
			};
			name = Debug;
		};
		3081F1DB1B109CCB004BA309 /* Release */ = {
			isa = XCBuildConfiguration;
			buildSettings = {
				ALWAYS_SEARCH_USER_PATHS = NO;
				CLANG_CXX_LANGUAGE_STANDARD = "gnu++0x";
				CLANG_CXX_LIBRARY = "libc++";
				CLANG_ENABLE_MODULES = YES;
				CLANG_ENABLE_OBJC_ARC = YES;
				CLANG_WARN_BOOL_CONVERSION = YES;
				CLANG_WARN_CONSTANT_CONVERSION = YES;
				CLANG_WARN_DIRECT_OBJC_ISA_USAGE = YES_ERROR;
				CLANG_WARN_EMPTY_BODY = YES;
				CLANG_WARN_ENUM_CONVERSION = YES;
				CLANG_WARN_INT_CONVERSION = YES;
				CLANG_WARN_OBJC_ROOT_CLASS = YES_ERROR;
				CLANG_WARN_UNREACHABLE_CODE = YES;
				CLANG_WARN__DUPLICATE_METHOD_MATCH = YES;
				"CODE_SIGN_IDENTITY[sdk=iphoneos*]" = "iPhone Developer";
				COPY_PHASE_STRIP = NO;
				DEBUG_INFORMATION_FORMAT = "dwarf-with-dsym";
				ENABLE_NS_ASSERTIONS = NO;
				ENABLE_STRICT_OBJC_MSGSEND = YES;
				GCC_C_LANGUAGE_STANDARD = gnu99;
				GCC_NO_COMMON_BLOCKS = YES;
				GCC_WARN_64_TO_32_BIT_CONVERSION = YES;
				GCC_WARN_ABOUT_RETURN_TYPE = YES_ERROR;
				GCC_WARN_UNDECLARED_SELECTOR = YES;
				GCC_WARN_UNINITIALIZED_AUTOS = YES_AGGRESSIVE;
				GCC_WARN_UNUSED_FUNCTION = YES;
				GCC_WARN_UNUSED_VARIABLE = YES;
				IPHONEOS_DEPLOYMENT_TARGET = 8.3;
				MTL_ENABLE_DEBUG_INFO = NO;
				SDKROOT = iphoneos;
				TARGETED_DEVICE_FAMILY = "1,2";
				VALIDATE_PRODUCT = YES;
			};
			name = Release;
		};
		3081F1DD1B109CCB004BA309 /* Debug */ = {
			isa = XCBuildConfiguration;
			buildSettings = {
				ASSETCATALOG_COMPILER_APPICON_NAME = AppIcon;
				INFOPLIST_FILE = "IPEC Toolbox/Info.plist";
				LD_RUNPATH_SEARCH_PATHS = "$(inherited) @executable_path/Frameworks";
				PRODUCT_NAME = "$(TARGET_NAME)";
			};
			name = Debug;
		};
		3081F1DE1B109CCB004BA309 /* Release */ = {
			isa = XCBuildConfiguration;
			buildSettings = {
				ASSETCATALOG_COMPILER_APPICON_NAME = AppIcon;
				INFOPLIST_FILE = "IPEC Toolbox/Info.plist";
				LD_RUNPATH_SEARCH_PATHS = "$(inherited) @executable_path/Frameworks";
				PRODUCT_NAME = "$(TARGET_NAME)";
			};
			name = Release;
		};
		3081F1E01B109CCB004BA309 /* Debug */ = {
			isa = XCBuildConfiguration;
			buildSettings = {
				BUNDLE_LOADER = "$(TEST_HOST)";
				FRAMEWORK_SEARCH_PATHS = (
					"$(SDKROOT)/Developer/Library/Frameworks",
					"$(inherited)",
				);
				GCC_PREPROCESSOR_DEFINITIONS = (
					"DEBUG=1",
					"$(inherited)",
				);
				INFOPLIST_FILE = "IPEC ToolboxTests/Info.plist";
				LD_RUNPATH_SEARCH_PATHS = "$(inherited) @executable_path/Frameworks @loader_path/Frameworks";
				PRODUCT_NAME = "$(TARGET_NAME)";
				TEST_HOST = "$(BUILT_PRODUCTS_DIR)/IPEC Toolbox.app/IPEC Toolbox";
			};
			name = Debug;
		};
		3081F1E11B109CCB004BA309 /* Release */ = {
			isa = XCBuildConfiguration;
			buildSettings = {
				BUNDLE_LOADER = "$(TEST_HOST)";
				FRAMEWORK_SEARCH_PATHS = (
					"$(SDKROOT)/Developer/Library/Frameworks",
					"$(inherited)",
				);
				INFOPLIST_FILE = "IPEC ToolboxTests/Info.plist";
				LD_RUNPATH_SEARCH_PATHS = "$(inherited) @executable_path/Frameworks @loader_path/Frameworks";
				PRODUCT_NAME = "$(TARGET_NAME)";
				TEST_HOST = "$(BUILT_PRODUCTS_DIR)/IPEC Toolbox.app/IPEC Toolbox";
			};
			name = Release;
		};
/* End XCBuildConfiguration section */

/* Begin XCConfigurationList section */
		3081F1B81B109CCB004BA309 /* Build configuration list for PBXProject "IPEC Toolbox" */ = {
			isa = XCConfigurationList;
			buildConfigurations = (
				3081F1DA1B109CCB004BA309 /* Debug */,
				3081F1DB1B109CCB004BA309 /* Release */,
			);
			defaultConfigurationIsVisible = 0;
			defaultConfigurationName = Release;
		};
		3081F1DC1B109CCB004BA309 /* Build configuration list for PBXNativeTarget "IPEC Toolbox" */ = {
			isa = XCConfigurationList;
			buildConfigurations = (
				3081F1DD1B109CCB004BA309 /* Debug */,
				3081F1DE1B109CCB004BA309 /* Release */,
			);
			defaultConfigurationIsVisible = 0;
		};
		3081F1DF1B109CCB004BA309 /* Build configuration list for PBXNativeTarget "IPEC ToolboxTests" */ = {
			isa = XCConfigurationList;
			buildConfigurations = (
				3081F1E01B109CCB004BA309 /* Debug */,
				3081F1E11B109CCB004BA309 /* Release */,
			);
			defaultConfigurationIsVisible = 0;
		};
/* End XCConfigurationList section */
	};
	rootObject = 3081F1B51B109CCB004BA309 /* Project object */;
}
